
Microsoft Visual Studio Solution File, Format Version 12.00
# Visual Studio 15
VisualStudioVersion = 15.0.27703.2042
MinimumVisualStudioVersion = 10.0.40219.1
Project("{9A19103F-16F7-4668-BE54-9A1E7A4F7556}") = "GoferEx", "GoferEx\GoferEx.csproj", "{A28F4A7B-96FD-4C49-8823-3A614A7432BD}"
EndProject
Project("{9A19103F-16F7-4668-BE54-9A1E7A4F7556}") = "GoferEx.Storage", "GoferEx.Storage\GoferEx.Storage.csproj", "{A2898327-933A-4F81-931D-69FAEE2CF8F1}"
EndProject
Project("{9A19103F-16F7-4668-BE54-9A1E7A4F7556}") = "GoferEx.Core", "GoferEx.Core\GoferEx.Core.csproj", "{81BB58DB-69F7-4711-AFD3-C582F85B014D}"
EndProject
Project("{FAE04EC0-301F-11D3-BF4B-00C04F79EFBC}") = "GoferEx.ExternalResources", "GoferEx.ExternalResources\GoferEx.ExternalResources.csproj", "{E4A00B08-DB2D-4318-9516-6D1BBFC6CB68}"
EndProject
Global
	GlobalSection(SolutionConfigurationPlatforms) = preSolution
		Debug|Any CPU = Debug|Any CPU
		Release|Any CPU = Release|Any CPU
	EndGlobalSection
	GlobalSection(ProjectConfigurationPlatforms) = postSolution
		{A28F4A7B-96FD-4C49-8823-3A614A7432BD}.Debug|Any CPU.ActiveCfg = Debug|Any CPU
		{A28F4A7B-96FD-4C49-8823-3A614A7432BD}.Debug|Any CPU.Build.0 = Debug|Any CPU
		{A28F4A7B-96FD-4C49-8823-3A614A7432BD}.Release|Any CPU.ActiveCfg = Release|Any CPU
		{A28F4A7B-96FD-4C49-8823-3A614A7432BD}.Release|Any CPU.Build.0 = Release|Any CPU
		{A2898327-933A-4F81-931D-69FAEE2CF8F1}.Debug|Any CPU.ActiveCfg = Debug|Any CPU
		{A2898327-933A-4F81-931D-69FAEE2CF8F1}.Debug|Any CPU.Build.0 = Debug|Any CPU
		{A2898327-933A-4F81-931D-69FAEE2CF8F1}.Release|Any CPU.ActiveCfg = Release|Any CPU
		{A2898327-933A-4F81-931D-69FAEE2CF8F1}.Release|Any CPU.Build.0 = Release|Any CPU
		{81BB58DB-69F7-4711-AFD3-C582F85B014D}.Debug|Any CPU.ActiveCfg = Debug|Any CPU
		{81BB58DB-69F7-4711-AFD3-C582F85B014D}.Debug|Any CPU.Build.0 = Debug|Any CPU
		{81BB58DB-69F7-4711-AFD3-C582F85B014D}.Release|Any CPU.ActiveCfg = Release|Any CPU
		{81BB58DB-69F7-4711-AFD3-C582F85B014D}.Release|Any CPU.Build.0 = Release|Any CPU
		{E4A00B08-DB2D-4318-9516-6D1BBFC6CB68}.Debug|Any CPU.ActiveCfg = Debug|Any CPU
		{E4A00B08-DB2D-4318-9516-6D1BBFC6CB68}.Debug|Any CPU.Build.0 = Debug|Any CPU
		{E4A00B08-DB2D-4318-9516-6D1BBFC6CB68}.Release|Any CPU.ActiveCfg = Release|Any CPU
		{E4A00B08-DB2D-4318-9516-6D1BBFC6CB68}.Release|Any CPU.Build.0 = Release|Any CPU
	EndGlobalSection
	GlobalSection(SolutionProperties) = preSolution
		HideSolutionNode = FALSE
	EndGlobalSection
	GlobalSection(ExtensibilityGlobals) = postSolution
		SolutionGuid = {FE454F7D-54AE-416C-AE9B-5662CAB52EE9}
	EndGlobalSection
EndGlobal
